// !$*UTF8*$!
{
	archiveVersion = 1;
	classes = {
	};
	objectVersion = 55;
	objects = {

/* Begin PBXBuildFile section */
		D29A207526DC96BB00FE8DD5 /* SidebarTestApp.swift in Sources */ = {isa = PBXBuildFile; fileRef = D29A206726DC96B900FE8DD5 /* SidebarTestApp.swift */; };
		D29A207626DC96BB00FE8DD5 /* SidebarTestApp.swift in Sources */ = {isa = PBXBuildFile; fileRef = D29A206726DC96B900FE8DD5 /* SidebarTestApp.swift */; };
		D29A207726DC96BB00FE8DD5 /* ContentView.swift in Sources */ = {isa = PBXBuildFile; fileRef = D29A206826DC96B900FE8DD5 /* ContentView.swift */; };
		D29A207826DC96BB00FE8DD5 /* ContentView.swift in Sources */ = {isa = PBXBuildFile; fileRef = D29A206826DC96B900FE8DD5 /* ContentView.swift */; };
		D29A207926DC96BB00FE8DD5 /* Assets.xcassets in Resources */ = {isa = PBXBuildFile; fileRef = D29A206926DC96BB00FE8DD5 /* Assets.xcassets */; };
		D29A207A26DC96BB00FE8DD5 /* Assets.xcassets in Resources */ = {isa = PBXBuildFile; fileRef = D29A206926DC96BB00FE8DD5 /* Assets.xcassets */; };
		D29A208426DC96EF00FE8DD5 /* Sidebar.swift in Sources */ = {isa = PBXBuildFile; fileRef = D29A208326DC96EF00FE8DD5 /* Sidebar.swift */; };
		D29A208526DC96EF00FE8DD5 /* Sidebar.swift in Sources */ = {isa = PBXBuildFile; fileRef = D29A208326DC96EF00FE8DD5 /* Sidebar.swift */; };
		D29A208726DC970100FE8DD5 /* DetailView.swift in Sources */ = {isa = PBXBuildFile; fileRef = D29A208626DC970100FE8DD5 /* DetailView.swift */; };
		D29A208826DC970100FE8DD5 /* DetailView.swift in Sources */ = {isa = PBXBuildFile; fileRef = D29A208626DC970100FE8DD5 /* DetailView.swift */; };
/* End PBXBuildFile section */

/* Begin PBXFileReference section */
		D29A206726DC96B900FE8DD5 /* SidebarTestApp.swift */ = {isa = PBXFileReference; lastKnownFileType = sourcecode.swift; path = SidebarTestApp.swift; sourceTree = "<group>"; };
		D29A206826DC96B900FE8DD5 /* ContentView.swift */ = {isa = PBXFileReference; lastKnownFileType = sourcecode.swift; path = ContentView.swift; sourceTree = "<group>"; };
		D29A206926DC96BB00FE8DD5 /* Assets.xcassets */ = {isa = PBXFileReference; lastKnownFileType = folder.assetcatalog; path = Assets.xcassets; sourceTree = "<group>"; };
		D29A206E26DC96BB00FE8DD5 /* SidebarTest.app */ = {isa = PBXFileReference; explicitFileType = wrapper.application; includeInIndex = 0; path = SidebarTest.app; sourceTree = BUILT_PRODUCTS_DIR; };
		D29A207426DC96BB00FE8DD5 /* SidebarTest.app */ = {isa = PBXFileReference; explicitFileType = wrapper.application; includeInIndex = 0; path = SidebarTest.app; sourceTree = BUILT_PRODUCTS_DIR; };
		D29A208326DC96EF00FE8DD5 /* Sidebar.swift */ = {isa = PBXFileReference; lastKnownFileType = sourcecode.swift; path = Sidebar.swift; sourceTree = "<group>"; };
		D29A208626DC970100FE8DD5 /* DetailView.swift */ = {isa = PBXFileReference; lastKnownFileType = sourcecode.swift; path = DetailView.swift; sourceTree = "<group>"; };
/* End PBXFileReference section */

/* Begin PBXFrameworksBuildPhase section */
		D29A206B26DC96BB00FE8DD5 /* Frameworks */ = {
			isa = PBXFrameworksBuildPhase;
			buildActionMask = 2147483647;
			files = (
			);
			runOnlyForDeploymentPostprocessing = 0;
		};
		D29A207126DC96BB00FE8DD5 /* Frameworks */ = {
			isa = PBXFrameworksBuildPhase;
			buildActionMask = 2147483647;
			files = (
			);
			runOnlyForDeploymentPostprocessing = 0;
		};
/* End PBXFrameworksBuildPhase section */

/* Begin PBXGroup section */
		D29A206126DC96B900FE8DD5 = {
			isa = PBXGroup;
			children = (
				D29A206626DC96B900FE8DD5 /* Shared */,
				D29A206F26DC96BB00FE8DD5 /* Products */,
			);
			sourceTree = "<group>";
		};
		D29A206626DC96B900FE8DD5 /* Shared */ = {
			isa = PBXGroup;
			children = (
				D29A206726DC96B900FE8DD5 /* SidebarTestApp.swift */,
				D29A206826DC96B900FE8DD5 /* ContentView.swift */,
				D29A208326DC96EF00FE8DD5 /* Sidebar.swift */,
				D29A208626DC970100FE8DD5 /* DetailView.swift */,
				D29A206926DC96BB00FE8DD5 /* Assets.xcassets */,
			);
			path = Shared;
			sourceTree = "<group>";
		};
		D29A206F26DC96BB00FE8DD5 /* Products */ = {
			isa = PBXGroup;
			children = (
				D29A206E26DC96BB00FE8DD5 /* SidebarTest.app */,
				D29A207426DC96BB00FE8DD5 /* SidebarTest.app */,
			);
			name = Products;
			sourceTree = "<group>";
		};
/* End PBXGroup section */

/* Begin PBXNativeTarget section */
		D29A206D26DC96BB00FE8DD5 /* SidebarTest (iOS) */ = {
			isa = PBXNativeTarget;
			buildConfigurationList = D29A207D26DC96BB00FE8DD5 /* Build configuration list for PBXNativeTarget "SidebarTest (iOS)" */;
			buildPhases = (
				D29A206A26DC96BB00FE8DD5 /* Sources */,
				D29A206B26DC96BB00FE8DD5 /* Frameworks */,
				D29A206C26DC96BB00FE8DD5 /* Resources */,
			);
			buildRules = (
			);
			dependencies = (
			);
			name = "SidebarTest (iOS)";
			productName = "SidebarTest (iOS)";
			productReference = D29A206E26DC96BB00FE8DD5 /* SidebarTest.app */;
			productType = "com.apple.product-type.application";
		};
		D29A207326DC96BB00FE8DD5 /* SidebarTest (macOS) */ = {
			isa = PBXNativeTarget;
			buildConfigurationList = D29A208026DC96BB00FE8DD5 /* Build configuration list for PBXNativeTarget "SidebarTest (macOS)" */;
			buildPhases = (
				D29A207026DC96BB00FE8DD5 /* Sources */,
				D29A207126DC96BB00FE8DD5 /* Frameworks */,
				D29A207226DC96BB00FE8DD5 /* Resources */,
			);
			buildRules = (
			);
			dependencies = (
			);
			name = "SidebarTest (macOS)";
			productName = "SidebarTest (macOS)";
			productReference = D29A207426DC96BB00FE8DD5 /* SidebarTest.app */;
			productType = "com.apple.product-type.application";
		};
/* End PBXNativeTarget section */

/* Begin PBXProject section */
		D29A206226DC96B900FE8DD5 /* Project object */ = {
			isa = PBXProject;
			attributes = {
				BuildIndependentTargetsInParallel = 1;
				LastSwiftUpdateCheck = 1300;
				LastUpgradeCheck = 1300;
				TargetAttributes = {
					D29A206D26DC96BB00FE8DD5 = {
						CreatedOnToolsVersion = 13.0;
					};
					D29A207326DC96BB00FE8DD5 = {
						CreatedOnToolsVersion = 13.0;
					};
				};
			};
			buildConfigurationList = D29A206526DC96B900FE8DD5 /* Build configuration list for PBXProject "SidebarTest" */;
			compatibilityVersion = "Xcode 13.0";
			developmentRegion = en;
			hasScannedForEncodings = 0;
			knownRegions = (
				en,
				Base,
			);
			mainGroup = D29A206126DC96B900FE8DD5;
			productRefGroup = D29A206F26DC96BB00FE8DD5 /* Products */;
			projectDirPath = "";
			projectRoot = "";
			targets = (
				D29A206D26DC96BB00FE8DD5 /* SidebarTest (iOS) */,
				D29A207326DC96BB00FE8DD5 /* SidebarTest (macOS) */,
			);
		};
/* End PBXProject section */

/* Begin PBXResourcesBuildPhase section */
		D29A206C26DC96BB00FE8DD5 /* Resources */ = {
			isa = PBXResourcesBuildPhase;
			buildActionMask = 2147483647;
			files = (
				D29A207926DC96BB00FE8DD5 /* Assets.xcassets in Resources */,
			);
			runOnlyForDeploymentPostprocessing = 0;
		};
		D29A207226DC96BB00FE8DD5 /* Resources */ = {
			isa = PBXResourcesBuildPhase;
			buildActionMask = 2147483647;
			files = (
				D29A207A26DC96BB00FE8DD5 /* Assets.xcassets in Resources */,
			);
			runOnlyForDeploymentPostprocessing = 0;
		};
/* End PBXResourcesBuildPhase section */

/* Begin PBXSourcesBuildPhase section */
		D29A206A26DC96BB00FE8DD5 /* Sources */ = {
			isa = PBXSourcesBuildPhase;
			buildActionMask = 2147483647;
			files = (
				D29A207726DC96BB00FE8DD5 /* ContentView.swift in Sources */,
				D29A208726DC970100FE8DD5 /* DetailView.swift in Sources */,
				D29A208426DC96EF00FE8DD5 /* Sidebar.swift in Sources */,
				D29A207526DC96BB00FE8DD5 /* SidebarTestApp.swift in Sources */,
			);
			runOnlyForDeploymentPostprocessing = 0;
		};
		D29A207026DC96BB00FE8DD5 /* Sources */ = {
			isa = PBXSourcesBuildPhase;
			buildActionMask = 2147483647;
			files = (
				D29A207826DC96BB00FE8DD5 /* ContentView.swift in Sources */,
				D29A208826DC970100FE8DD5 /* DetailView.swift in Sources */,
				D29A208526DC96EF00FE8DD5 /* Sidebar.swift in Sources */,
				D29A207626DC96BB00FE8DD5 /* SidebarTestApp.swift in Sources */,
			);
			runOnlyForDeploymentPostprocessing = 0;
		};
/* End PBXSourcesBuildPhase section */

/* Begin XCBuildConfiguration section */
		D29A207B26DC96BB00FE8DD5 /* Debug */ = {
			isa = XCBuildConfiguration;
			buildSettings = {
				ALWAYS_SEARCH_USER_PATHS = NO;
				CLANG_ANALYZER_NONNULL = YES;
				CLANG_ANALYZER_NUMBER_OBJECT_CONVERSION = YES_AGGRESSIVE;
				CLANG_CXX_LANGUAGE_STANDARD = "gnu++17";
				CLANG_CXX_LIBRARY = "libc++";
				CLANG_ENABLE_MODULES = YES;
				CLANG_ENABLE_OBJC_ARC = YES;
				CLANG_ENABLE_OBJC_WEAK = YES;
				CLANG_WARN_BLOCK_CAPTURE_AUTORELEASING = YES;
				CLANG_WARN_BOOL_CONVERSION = YES;
				CLANG_WARN_COMMA = YES;
				CLANG_WARN_CONSTANT_CONVERSION = YES;
				CLANG_WARN_DEPRECATED_OBJC_IMPLEMENTATIONS = YES;
				CLANG_WARN_DIRECT_OBJC_ISA_USAGE = YES_ERROR;
				CLANG_WARN_DOCUMENTATION_COMMENTS = YES;
				CLANG_WARN_EMPTY_BODY = YES;
				CLANG_WARN_ENUM_CONVERSION = YES;
				CLANG_WARN_INFINITE_RECURSION = YES;
				CLANG_WARN_INT_CONVERSION = YES;
				CLANG_WARN_NON_LITERAL_NULL_CONVERSION = YES;
				CLANG_WARN_OBJC_IMPLICIT_RETAIN_SELF = YES;
				CLANG_WARN_OBJC_LITERAL_CONVERSION = YES;
				CLANG_WARN_OBJC_ROOT_CLASS = YES_ERROR;
				CLANG_WARN_QUOTED_INCLUDE_IN_FRAMEWORK_HEADER = YES;
				CLANG_WARN_RANGE_LOOP_ANALYSIS = YES;
				CLANG_WARN_STRICT_PROTOTYPES = YES;
				CLANG_WARN_SUSPICIOUS_MOVE = YES;
				CLANG_WARN_UNGUARDED_AVAILABILITY = YES_AGGRESSIVE;
				CLANG_WARN_UNREACHABLE_CODE = YES;
				CLANG_WARN__DUPLICATE_METHOD_MATCH = YES;
				COPY_PHASE_STRIP = NO;
				DEBUG_INFORMATION_FORMAT = dwarf;
				ENABLE_STRICT_OBJC_MSGSEND = YES;
				ENABLE_TESTABILITY = YES;
				GCC_C_LANGUAGE_STANDARD = gnu11;
				GCC_DYNAMIC_NO_PIC = NO;
				GCC_NO_COMMON_BLOCKS = YES;
				GCC_OPTIMIZATION_LEVEL = 0;
				GCC_PREPROCESSOR_DEFINITIONS = (
					"DEBUG=1",
					"$(inherited)",
				);
				GCC_WARN_64_TO_32_BIT_CONVERSION = YES;
				GCC_WARN_ABOUT_RETURN_TYPE = YES_ERROR;
				GCC_WARN_UNDECLARED_SELECTOR = YES;
				GCC_WARN_UNINITIALIZED_AUTOS = YES_AGGRESSIVE;
				GCC_WARN_UNUSED_FUNCTION = YES;
				GCC_WARN_UNUSED_VARIABLE = YES;
				IPHONEOS_DEPLOYMENT_TARGET = 15.0;
				MACOSX_DEPLOYMENT_TARGET = 12.0;
				MTL_ENABLE_DEBUG_INFO = INCLUDE_SOURCE;
				MTL_FAST_MATH = YES;
				ONLY_ACTIVE_ARCH = YES;
				SWIFT_ACTIVE_COMPILATION_CONDITIONS = DEBUG;
				SWIFT_OPTIMIZATION_LEVEL = "-Onone";
			};
			name = Debug;
		};
		D29A207C26DC96BB00FE8DD5 /* Release */ = {
			isa = XCBuildConfiguration;
			buildSettings = {
				ALWAYS_SEARCH_USER_PATHS = NO;
				CLANG_ANALYZER_NONNULL = YES;
				CLANG_ANALYZER_NUMBER_OBJECT_CONVERSION = YES_AGGRESSIVE;
				CLANG_CXX_LANGUAGE_STANDARD = "gnu++17";
				CLANG_CXX_LIBRARY = "libc++";
				CLANG_ENABLE_MODULES = YES;
				CLANG_ENABLE_OBJC_ARC = YES;
				CLANG_ENABLE_OBJC_WEAK = YES;
				CLANG_WARN_BLOCK_CAPTURE_AUTORELEASING = YES;
				CLANG_WARN_BOOL_CONVERSION = YES;
				CLANG_WARN_COMMA = YES;
				CLANG_WARN_CONSTANT_CONVERSION = YES;
				CLANG_WARN_DEPRECATED_OBJC_IMPLEMENTATIONS = YES;
				CLANG_WARN_DIRECT_OBJC_ISA_USAGE = YES_ERROR;
				CLANG_WARN_DOCUMENTATION_COMMENTS = YES;
				CLANG_WARN_EMPTY_BODY = YES;
				CLANG_WARN_ENUM_CONVERSION = YES;
				CLANG_WARN_INFINITE_RECURSION = YES;
				CLANG_WARN_INT_CONVERSION = YES;
				CLANG_WARN_NON_LITERAL_NULL_CONVERSION = YES;
				CLANG_WARN_OBJC_IMPLICIT_RETAIN_SELF = YES;
				CLANG_WARN_OBJC_LITERAL_CONVERSION = YES;
				CLANG_WARN_OBJC_ROOT_CLASS = YES_ERROR;
				CLANG_WARN_QUOTED_INCLUDE_IN_FRAMEWORK_HEADER = YES;
				CLANG_WARN_RANGE_LOOP_ANALYSIS = YES;
				CLANG_WARN_STRICT_PROTOTYPES = YES;
				CLANG_WARN_SUSPICIOUS_MOVE = YES;
				CLANG_WARN_UNGUARDED_AVAILABILITY = YES_AGGRESSIVE;
				CLANG_WARN_UNREACHABLE_CODE = YES;
				CLANG_WARN__DUPLICATE_METHOD_MATCH = YES;
				COPY_PHASE_STRIP = NO;
				DEBUG_INFORMATION_FORMAT = "dwarf-with-dsym";
				ENABLE_NS_ASSERTIONS = NO;
				ENABLE_STRICT_OBJC_MSGSEND = YES;
				GCC_C_LANGUAGE_STANDARD = gnu11;
				GCC_NO_COMMON_BLOCKS = YES;
				GCC_WARN_64_TO_32_BIT_CONVERSION = YES;
				GCC_WARN_ABOUT_RETURN_TYPE = YES_ERROR;
				GCC_WARN_UNDECLARED_SELECTOR = YES;
				GCC_WARN_UNINITIALIZED_AUTOS = YES_AGGRESSIVE;
				GCC_WARN_UNUSED_FUNCTION = YES;
				GCC_WARN_UNUSED_VARIABLE = YES;
				IPHONEOS_DEPLOYMENT_TARGET = 15.0;
				MACOSX_DEPLOYMENT_TARGET = 12.0;
				MTL_ENABLE_DEBUG_INFO = NO;
				MTL_FAST_MATH = YES;
				SWIFT_COMPILATION_MODE = wholemodule;
				SWIFT_OPTIMIZATION_LEVEL = "-O";
			};
			name = Release;
		};
		D29A207E26DC96BB00FE8DD5 /* Debug */ = {
			isa = XCBuildConfiguration;
			buildSettings = {
				ASSETCATALOG_COMPILER_APPICON_NAME = AppIcon;
				ASSETCATALOG_COMPILER_GLOBAL_ACCENT_COLOR_NAME = AccentColor;
				CODE_SIGN_STYLE = Automatic;
				CURRENT_PROJECT_VERSION = 1;
				DEVELOPMENT_TEAM = 79P776W2YF;
				ENABLE_PREVIEWS = YES;
				GENERATE_INFOPLIST_FILE = YES;
				INFOPLIST_KEY_UIApplicationSceneManifest_Generation = YES;
				INFOPLIST_KEY_UIApplicationSupportsIndirectInputEvents = YES;
				INFOPLIST_KEY_UILaunchScreen_Generation = YES;
				INFOPLIST_KEY_UISupportedInterfaceOrientations_iPad = "UIInterfaceOrientationPortrait UIInterfaceOrientationPortraitUpsideDown UIInterfaceOrientationLandscapeLeft UIInterfaceOrientationLandscapeRight";
				INFOPLIST_KEY_UISupportedInterfaceOrientations_iPhone = "UIInterfaceOrientationPortrait UIInterfaceOrientationLandscapeLeft UIInterfaceOrientationLandscapeRight";
				IPHONEOS_DEPLOYMENT_TARGET = 15.0;
				LD_RUNPATH_SEARCH_PATHS = (
					"$(inherited)",
					"@executable_path/Frameworks",
				);
				MARKETING_VERSION = 1.0;
				PRODUCT_BUNDLE_IDENTIFIER = com.netsplit.SidebarTest;
				PRODUCT_NAME = SidebarTest;
				SDKROOT = iphoneos;
				SWIFT_EMIT_LOC_STRINGS = YES;
				SWIFT_VERSION = 5.0;
				TARGETED_DEVICE_FAMILY = "1,2";
			};
			name = Debug;
		};
		D29A207F26DC96BB00FE8DD5 /* Release */ = {
			isa = XCBuildConfiguration;
			buildSettings = {
				ASSETCATALOG_COMPILER_APPICON_NAME = AppIcon;
				ASSETCATALOG_COMPILER_GLOBAL_ACCENT_COLOR_NAME = AccentColor;
				CODE_SIGN_STYLE = Automatic;
				CURRENT_PROJECT_VERSION = 1;
				DEVELOPMENT_TEAM = 79P776W2YF;
				ENABLE_PREVIEWS = YES;
				GENERATE_INFOPLIST_FILE = YES;
				INFOPLIST_KEY_UIApplicationSceneManifest_Generation = YES;
				INFOPLIST_KEY_UIApplicationSupportsIndirectInputEvents = YES;
				INFOPLIST_KEY_UILaunchScreen_Generation = YES;
				INFOPLIST_KEY_UISupportedInterfaceOrientations_iPad = "UIInterfaceOrientationPortrait UIInterfaceOrientationPortraitUpsideDown UIInterfaceOrientationLandscapeLeft UIInterfaceOrientationLandscapeRight";
				INFOPLIST_KEY_UISupportedInterfaceOrientations_iPhone = "UIInterfaceOrientationPortrait UIInterfaceOrientationLandscapeLeft UIInterfaceOrientationLandscapeRight";
				IPHONEOS_DEPLOYMENT_TARGET = 15.0;
				LD_RUNPATH_SEARCH_PATHS = (
					"$(inherited)",
					"@executable_path/Frameworks",
				);
				MARKETING_VERSION = 1.0;
				PRODUCT_BUNDLE_IDENTIFIER = com.netsplit.SidebarTest;
				PRODUCT_NAME = SidebarTest;
				SDKROOT = iphoneos;
				SWIFT_EMIT_LOC_STRINGS = YES;
				SWIFT_VERSION = 5.0;
				TARGETED_DEVICE_FAMILY = "1,2";
				VALIDATE_PRODUCT = YES;
			};
			name = Release;
		};
		D29A208126DC96BB00FE8DD5 /* Debug */ = {
			isa = XCBuildConfiguration;
			buildSettings = {
				ASSETCATALOG_COMPILER_APPICON_NAME = AppIcon;
				ASSETCATALOG_COMPILER_GLOBAL_ACCENT_COLOR_NAME = AccentColor;
				CODE_SIGN_STYLE = Automatic;
				COMBINE_HIDPI_IMAGES = YES;
				CURRENT_PROJECT_VERSION = 1;
				DEVELOPMENT_TEAM = 79P776W2YF;
				ENABLE_APP_SANDBOX = YES;
				ENABLE_HARDENED_RUNTIME = YES;
				ENABLE_PREVIEWS = YES;
				ENABLE_USER_SELECTED_FILES = readonly;
				GENERATE_INFOPLIST_FILE = YES;
				INFOPLIST_KEY_NSHumanReadableCopyright = "";
				LD_RUNPATH_SEARCH_PATHS = (
					"$(inherited)",
					"@executable_path/../Frameworks",
				);
				MACOSX_DEPLOYMENT_TARGET = 12.0;
				MARKETING_VERSION = 1.0;
				PRODUCT_BUNDLE_IDENTIFIER = com.netsplit.SidebarTest;
				PRODUCT_NAME = SidebarTest;
				SDKROOT = macosx;
				SWIFT_EMIT_LOC_STRINGS = YES;
				SWIFT_VERSION = 5.0;
			};
			name = Debug;
		};
		D29A208226DC96BB00FE8DD5 /* Release */ = {
			isa = XCBuildConfiguration;
			buildSettings = {
				ASSETCATALOG_COMPILER_APPICON_NAME = AppIcon;
				ASSETCATALOG_COMPILER_GLOBAL_ACCENT_COLOR_NAME = AccentColor;
				CODE_SIGN_STYLE = Automatic;
				COMBINE_HIDPI_IMAGES = YES;
				CURRENT_PROJECT_VERSION = 1;
				DEVELOPMENT_TEAM = 79P776W2YF;
				ENABLE_APP_SANDBOX = YES;
				ENABLE_HARDENED_RUNTIME = YES;
				ENABLE_PREVIEWS = YES;
				ENABLE_USER_SELECTED_FILES = readonly;
				GENERATE_INFOPLIST_FILE = YES;
				INFOPLIST_KEY_NSHumanReadableCopyright = "";
				LD_RUNPATH_SEARCH_PATHS = (
					"$(inherited)",
					"@executable_path/../Frameworks",
				);
				MACOSX_DEPLOYMENT_TARGET = 12.0;
				MARKETING_VERSION = 1.0;
				PRODUCT_BUNDLE_IDENTIFIER = com.netsplit.SidebarTest;
				PRODUCT_NAME = SidebarTest;
				SDKROOT = macosx;
				SWIFT_EMIT_LOC_STRINGS = YES;
				SWIFT_VERSION = 5.0;
			};
			name = Release;
		};
/* End XCBuildConfiguration section */

/* Begin XCConfigurationList section */
		D29A206526DC96B900FE8DD5 /* Build configuration list for PBXProject "SidebarTest" */ = {
			isa = XCConfigurationList;
			buildConfigurations = (
				D29A207B26DC96BB00FE8DD5 /* Debug */,
				D29A207C26DC96BB00FE8DD5 /* Release */,
			);
			defaultConfigurationIsVisible = 0;
			defaultConfigurationName = Release;
		};
		D29A207D26DC96BB00FE8DD5 /* Build configuration list for PBXNativeTarget "SidebarTest (iOS)" */ = {
			isa = XCConfigurationList;
			buildConfigurations = (
				D29A207E26DC96BB00FE8DD5 /* Debug */,
				D29A207F26DC96BB00FE8DD5 /* Release */,
			);
			defaultConfigurationIsVisible = 0;
			defaultConfigurationName = Release;
		};
		D29A208026DC96BB00FE8DD5 /* Build configuration list for PBXNativeTarget "SidebarTest (macOS)" */ = {
			isa = XCConfigurationList;
			buildConfigurations = (
				D29A208126DC96BB00FE8DD5 /* Debug */,
				D29A208226DC96BB00FE8DD5 /* Release */,
			);
			defaultConfigurationIsVisible = 0;
			defaultConfigurationName = Release;
		};
/* End XCConfigurationList section */
	};
	rootObject = D29A206226DC96B900FE8DD5 /* Project object */;
}
